
Microsoft Visual Studio Solution File, Format Version 12.00
# Visual Studio Version 17
VisualStudioVersion = 17.0.31919.166
MinimumVisualStudioVersion = 10.0.40219.1
Project("{FAE04EC0-301F-11D3-BF4B-00C04F79EFBC}") = "BookMinder", "BookMinder\BookMinder.csproj", "{D05CC3EA-8969-466D-9C36-14C0AF56B91D}"
EndProject
Global
	GlobalSection(SolutionConfigurationPlatforms) = preSolution
		Debug|Any CPU = Debug|Any CPU
		Release|Any CPU = Release|Any CPU
	EndGlobalSection
	GlobalSection(ProjectConfigurationPlatforms) = postSolution
		{D05CC3EA-8969-466D-9C36-14C0AF56B91D}.Debug|Any CPU.ActiveCfg = Debug|Any CPU
		{D05CC3EA-8969-466D-9C36-14C0AF56B91D}.Debug|Any CPU.Build.0 = Debug|Any CPU
		{D05CC3EA-8969-466D-9C36-14C0AF56B91D}.Release|Any CPU.ActiveCfg = Release|Any CPU
		{D05CC3EA-8969-466D-9C36-14C0AF56B91D}.Release|Any CPU.Build.0 = Release|Any CPU
	EndGlobalSection
	GlobalSection(SolutionProperties) = preSolution
		HideSolutionNode = FALSE
	EndGlobalSection
	GlobalSection(ExtensibilityGlobals) = postSolution
		SolutionGuid = {85D7D2FE-0ADF-41BD-A269-A5ECD5696A38}
	EndGlobalSection
EndGlobal
